
Microsoft Visual Studio Solution File, Format Version 12.00
# Visual Studio 14
VisualStudioVersion = 14.0.24720.0
MinimumVisualStudioVersion = 10.0.40219.1
Project("{FAE04EC0-301F-11D3-BF4B-00C04F79EFBC}") = "Software_Engineering_Poker", "Software_Engineering_Poker\Software_Engineering_Poker.csproj", "{BC0A3D79-9EE3-49DE-8D57-C9FC9E967FD3}"
EndProject
Global
	GlobalSection(SolutionConfigurationPlatforms) = preSolution
		Debug|Any CPU = Debug|Any CPU
		Release|Any CPU = Release|Any CPU
	EndGlobalSection
	GlobalSection(ProjectConfigurationPlatforms) = postSolution
		{BC0A3D79-9EE3-49DE-8D57-C9FC9E967FD3}.Debug|Any CPU.ActiveCfg = Debug|Any CPU
		{BC0A3D79-9EE3-49DE-8D57-C9FC9E967FD3}.Debug|Any CPU.Build.0 = Debug|Any CPU
		{BC0A3D79-9EE3-49DE-8D57-C9FC9E967FD3}.Release|Any CPU.ActiveCfg = Release|Any CPU
		{BC0A3D79-9EE3-49DE-8D57-C9FC9E967FD3}.Release|Any CPU.Build.0 = Release|Any CPU
	EndGlobalSection
	GlobalSection(SolutionProperties) = preSolution
		HideSolutionNode = FALSE
	EndGlobalSection
EndGlobal
